<?xml version="1.0" encoding="utf-8"?>
<Project ToolsVersion="4.0" xmlns="http://schemas.microsoft.com/developer/msbuild/2003">
  <ItemGroup>
    <Filter Include="Source Files">
      <UniqueIdentifier>{4FC737F1-C7A5-4376-A066-2A32D752A2FF}</UniqueIdentifier>
      <Extensions>cpp;c;cc;cxx;def;odl;idl;hpj;bat;asm;asmx</Extensions>
    </Filter>
    <Filter Include="Header Files">
      <UniqueIdentifier>{93995380-89BD-4b04-88EB-625FBE52EBFB}</UniqueIdentifier>
      <Extensions>h;hh;hpp;hxx;hm;inl;inc;xsd</Extensions>
    </Filter>
    <Filter Include="Resource Files">
      <UniqueIdentifier>{67DA6AB6-F800-4c08-8B7A-83BB121AAD01}</UniqueIdentifier>
      <Extensions>rc;ico;cur;bmp;dlg;rc2;rct;bin;rgs;gif;jpg;jpeg;jpe;resx;tiff;tif;png;wav</Extensions>
    </Filter>
  </ItemGroup>
  <ItemGroup>
    <ClCompile Include="..\..\development\src\apdu.c">
      <Filter>Source Files</Filter>
    </ClCompile>
    <ClCompile Include="..\..\development\src\bitarray.c">
      <Filter>Source Files</Filter>
    </ClCompile>
    <ClCompile Include="..\..\development\src\bytebuffer.c">
      <Filter>Source Files</Filter>
    </ClCompile>
    <ClCompile Include="..\..\development\src\ciphering.c">
      <Filter>Source Files</Filter>
    </ClCompile>
    <ClCompile Include="..\..\development\src\client.c">
      <Filter>Source Files</Filter>
    </ClCompile>
    <ClCompile Include="..\..\development\src\converters.c">
      <Filter>Source Files</Filter>
    </ClCompile>
    <ClCompile Include="..\..\development\src\cosem.c">
      <Filter>Source Files</Filter>
    </ClCompile>
    <ClCompile Include="..\..\development\src\datainfo.c">
      <Filter>Source Files</Filter>
    </ClCompile>
    <ClCompile Include="..\..\development\src\date.c">
      <Filter>Source Files</Filter>
    </ClCompile>
    <ClCompile Include="..\..\development\src\dlms.c">
      <Filter>Source Files</Filter>
    </ClCompile>
    <ClCompile Include="..\..\development\src\dlmsSettings.c">
      <Filter>Source Files</Filter>
    </ClCompile>
    <ClCompile Include="..\..\development\src\gxaes.c">
      <Filter>Source Files</Filter>
    </ClCompile>
    <ClCompile Include="..\..\development\src\gxarray.c">
      <Filter>Source Files</Filter>
    </ClCompile>
    <ClCompile Include="..\..\development\src\gxget.c">
      <Filter>Source Files</Filter>
    </ClCompile>
    <ClCompile Include="..\..\development\src\gxinvoke.c">
      <Filter>Source Files</Filter>
    </ClCompile>
    <ClCompile Include="..\..\development\src\gxkey.c">
      <Filter>Source Files</Filter>
    </ClCompile>
    <ClCompile Include="..\..\development\src\gxmd5.c">
      <Filter>Source Files</Filter>
    </ClCompile>
    <ClCompile Include="..\..\development\src\gxobjects.c">
      <Filter>Source Files</Filter>
    </ClCompile>
    <ClCompile Include="..\..\development\src\gxset.c">
      <Filter>Source Files</Filter>
    </ClCompile>
    <ClCompile Include="..\..\development\src\gxsha1.c">
      <Filter>Source Files</Filter>
    </ClCompile>
    <ClCompile Include="..\..\development\src\gxsha256.c">
      <Filter>Source Files</Filter>
    </ClCompile>
    <ClCompile Include="..\..\development\src\gxvalueeventargs.c">
      <Filter>Source Files</Filter>
    </ClCompile>
    <ClCompile Include="..\..\development\src\helpers.c">
      <Filter>Source Files</Filter>
    </ClCompile>
    <ClCompile Include="..\..\development\src\message.c">
      <Filter>Source Files</Filter>
    </ClCompile>
    <ClCompile Include="..\..\development\src\notify.c">
      <Filter>Source Files</Filter>
    </ClCompile>
    <ClCompile Include="..\..\development\src\objectarray.c">
      <Filter>Source Files</Filter>
    </ClCompile>
    <ClCompile Include="..\..\development\src\parameters.c">
      <Filter>Source Files</Filter>
    </ClCompile>
    <ClCompile Include="..\..\development\src\replydata.c">
      <Filter>Source Files</Filter>
    </ClCompile>
    <ClCompile Include="..\..\development\src\server.c">
      <Filter>Source Files</Filter>
    </ClCompile>
    <ClCompile Include="..\..\development\src\serverevents.c">
      <Filter>Source Files</Filter>
    </ClCompile>
    <ClCompile Include="..\..\development\src\variant.c">
      <Filter>Source Files</Filter>
    </ClCompile>
  </ItemGroup>
  <ItemGroup>
    <ClInclude Include="..\..\development\include\apdu.h">
      <Filter>Header Files</Filter>
    </ClInclude>
    <ClInclude Include="..\..\development\include\bitarray.h">
      <Filter>Header Files</Filter>
    </ClInclude>
    <ClInclude Include="..\..\development\include\bytebuffer.h">
      <Filter>Header Files</Filter>
    </ClInclude>
    <ClInclude Include="..\..\development\include\ciphering.h">
      <Filter>Header Files</Filter>
    </ClInclude>
    <ClInclude Include="..\..\development\include\cipheringenums.h">
      <Filter>Header Files</Filter>
    </ClInclude>
    <ClInclude Include="..\..\development\include\client.h">
      <Filter>Header Files</Filter>
    </ClInclude>
    <ClInclude Include="..\..\development\include\converters.h">
      <Filter>Header Files</Filter>
    </ClInclude>
    <ClInclude Include="..\..\development\include\cosem.h">
      <Filter>Header Files</Filter>
    </ClInclude>
    <ClInclude Include="..\..\development\include\crc.h">
      <Filter>Header Files</Filter>
    </ClInclude>
    <ClInclude Include="..\..\development\include\datainfo.h">
      <Filter>Header Files</Filter>
    </ClInclude>
    <ClInclude Include="..\..\development\include\date.h">
      <Filter>Header Files</Filter>
    </ClInclude>
    <ClInclude Include="..\..\development\include\dlms.h">
      <Filter>Header Files</Filter>
    </ClInclude>
    <ClInclude Include="..\..\development\include\dlmssettings.h">
      <Filter>Header Files</Filter>
    </ClInclude>
    <ClInclude Include="..\..\development\include\enums.h">
      <Filter>Header Files</Filter>
    </ClInclude>
    <ClInclude Include="..\..\development\include\errorcodes.h">
      <Filter>Header Files</Filter>
    </ClInclude>
    <ClInclude Include="..\..\development\include\gxaes.h">
      <Filter>Header Files</Filter>
    </ClInclude>
    <ClInclude Include="..\..\development\include\gxarray.h">
      <Filter>Header Files</Filter>
    </ClInclude>
    <ClInclude Include="..\..\development\include\gxdefine.h">
      <Filter>Header Files</Filter>
    </ClInclude>
    <ClInclude Include="..\..\development\include\gxget.h">
      <Filter>Header Files</Filter>
    </ClInclude>
    <ClInclude Include="..\..\development\include\gxignore.h">
      <Filter>Header Files</Filter>
    </ClInclude>
    <ClInclude Include="..\..\development\include\gxint.h">
      <Filter>Header Files</Filter>
    </ClInclude>
    <ClInclude Include="..\..\development\include\gxinvoke.h">
      <Filter>Header Files</Filter>
    </ClInclude>
    <ClInclude Include="..\..\development\include\gxkey.h">
      <Filter>Header Files</Filter>
    </ClInclude>
    <ClInclude Include="..\..\development\include\gxmd5.h">
      <Filter>Header Files</Filter>
    </ClInclude>
    <ClInclude Include="..\..\development\include\gxmem.h">
      <Filter>Header Files</Filter>
    </ClInclude>
    <ClInclude Include="..\..\development\include\gxobjects.h">
      <Filter>Header Files</Filter>
    </ClInclude>
    <ClInclude Include="..\..\development\include\gxset.h">
      <Filter>Header Files</Filter>
    </ClInclude>
    <ClInclude Include="..\..\development\include\gxsha1.h">
      <Filter>Header Files</Filter>
    </ClInclude>
    <ClInclude Include="..\..\development\include\gxsha256.h">
      <Filter>Header Files</Filter>
    </ClInclude>
    <ClInclude Include="..\..\development\include\gxvalueeventargs.h">
      <Filter>Header Files</Filter>
    </ClInclude>
    <ClInclude Include="..\..\development\include\helpers.h">
      <Filter>Header Files</Filter>
    </ClInclude>
    <ClInclude Include="..\..\development\include\lnparameters.h">
      <Filter>Header Files</Filter>
    </ClInclude>
    <ClInclude Include="..\..\development\include\message.h">
      <Filter>Header Files</Filter>
    </ClInclude>
    <ClInclude Include="..\..\development\include\notify.h">
      <Filter>Header Files</Filter>
    </ClInclude>
    <ClInclude Include="..\..\development\include\objectarray.h">
      <Filter>Header Files</Filter>
    </ClInclude>
    <ClInclude Include="..\..\development\include\parameters.h">
      <Filter>Header Files</Filter>
    </ClInclude>
    <ClInclude Include="..\..\development\include\replydata.h">
      <Filter>Header Files</Filter>
    </ClInclude>
    <ClInclude Include="..\..\development\include\server.h">
      <Filter>Header Files</Filter>
    </ClInclude>
    <ClInclude Include="..\..\development\include\serverevents.h">
      <Filter>Header Files</Filter>
    </ClInclude>
    <ClInclude Include="..\..\development\include\snparameters.h">
      <Filter>Header Files</Filter>
    </ClInclude>
    <ClInclude Include="..\..\development\include\variant.h">
      <Filter>Header Files</Filter>
    </ClInclude>
  </ItemGroup>
</Project>